{
  "version": 4,
  "terraform_version": "1.8.1",
  "serial": 79,
  "lineage": "05e3facd-c481-f812-ee5b-cbce3598556e",
  "outputs": {
    "backend_service_url": {
      "value": "https://backend-service-dz3zpydyhq-uc.a.run.app",
      "type": "string"
    },
    "kubernetes_cluster_host": {
      "value": "104.197.209.110",
      "type": "string"
    },
    "kubernetes_cluster_name": {
      "value": "p2-so1-201709282-gke",
      "type": "string"
    },
    "project_id": {
      "value": "p2-so1-201709282",
      "type": "string"
    },
    "region": {
      "value": "us-central1",
      "type": "string"
    }
  },
  "resources": [
    {
      "mode": "data",
      "type": "google_container_engine_versions",
      "name": "gke_version",
      "provider": "provider[\"registry.terraform.io/hashicorp/google\"]",
      "instances": [
        {
          "schema_version": 0,
          "attributes": {
            "default_cluster_version": "1.28.7-gke.1026000",
            "id": "2024-04-24 18:13:35.34499178 +0000 UTC",
            "latest_master_version": "1.27.13-gke.1000000",
            "latest_node_version": "1.27.13-gke.1000000",
            "location": "us-central1",
            "project": null,
            "release_channel_default_version": {
              "RAPID": "1.29.3-gke.1093000",
              "REGULAR": "1.28.7-gke.1026000",
              "STABLE": "1.27.11-gke.1062000"
            },
            "release_channel_latest_version": {
              "RAPID": "1.27.13-gke.1000000",
              "REGULAR": "1.27.12-gke.1115000",
              "STABLE": "1.27.11-gke.1062000"
            },
            "valid_master_versions": [
              "1.27.13-gke.1000000",
              "1.27.12-gke.1190000",
              "1.27.12-gke.1115000",
              "1.27.11-gke.1062001",
              "1.27.11-gke.1062000",
              "1.27.8-gke.1067004"
            ],
            "valid_node_versions": [
              "1.27.13-gke.1000000",
              "1.27.12-gke.1190000",
              "1.27.12-gke.1115000",
              "1.27.11-gke.1202000",
              "1.27.11-gke.1118000",
              "1.27.11-gke.1062001",
              "1.27.11-gke.1062000",
              "1.27.11-gke.1018000",
              "1.27.10-gke.1207000",
              "1.27.10-gke.1152000",
              "1.27.10-gke.1055000",
              "1.27.9-gke.1092000",
              "1.27.8-gke.1067004",
              "1.27.8-gke.1067000",
              "1.27.7-gke.1293000",
              "1.27.7-gke.1121002",
              "1.27.7-gke.1121000",
              "1.27.7-gke.1088000",
              "1.27.7-gke.1056000",
              "1.27.7-gke.1038000",
              "1.27.6-gke.1506000",
              "1.27.6-gke.1445000",
              "1.27.6-gke.1248000",
              "1.27.5-gke.200",
              "1.27.4-gke.900",
              "1.27.3-gke.1700",
              "1.27.3-gke.100",
              "1.27.2-gke.2100",
              "1.27.2-gke.1200"
            ],
            "version_prefix": "1.27."
          },
          "sensitive_attributes": []
        }
      ]
    },
    {
      "mode": "managed",
      "type": "google_cloud_run_service",
      "name": "backend_service",
      "provider": "provider[\"registry.terraform.io/hashicorp/google\"]",
      "instances": [
        {
          "schema_version": 1,
          "attributes": {
            "autogenerate_revision_name": false,
            "id": "locations/us-central1/namespaces/p2-so1-201709282/services/backend-service",
            "location": "us-central1",
            "metadata": [
              {
                "annotations": {
                  "run.googleapis.com/ingress": "all",
                  "run.googleapis.com/ingress-status": "all",
                  "run.googleapis.com/operation-id": "ef868a31-3adc-4fd7-9924-a23ff8040446",
                  "serving.knative.dev/creator": "2730538920101@ingenieria.usac.edu.gt",
                  "serving.knative.dev/lastModifier": "2730538920101@ingenieria.usac.edu.gt"
                },
                "generation": 1,
                "labels": {
                  "cloud.googleapis.com/location": "us-central1"
                },
                "namespace": "p2-so1-201709282",
                "resource_version": "AAYW2v0hovQ",
                "self_link": "/apis/serving.knative.dev/v1/namespaces/992835121029/services/backend-service",
                "uid": "46a736f4-a3e7-456b-b9c2-3a71ed540e06"
              }
            ],
            "name": "backend-service",
            "project": "p2-so1-201709282",
            "status": [
              {
                "conditions": [
                  {
                    "message": "",
                    "reason": "",
                    "status": "True",
                    "type": "Ready"
                  },
                  {
                    "message": "",
                    "reason": "",
                    "status": "True",
                    "type": "ConfigurationsReady"
                  },
                  {
                    "message": "",
                    "reason": "",
                    "status": "True",
                    "type": "RoutesReady"
                  }
                ],
                "latest_created_revision_name": "backend-service-00001-hmz",
                "latest_ready_revision_name": "backend-service-00001-hmz",
                "observed_generation": 1,
                "url": "https://backend-service-dz3zpydyhq-uc.a.run.app"
              }
            ],
            "template": [
              {
                "metadata": [
                  {
                    "annotations": {
                      "autoscaling.knative.dev/maxScale": "100"
                    },
                    "generation": 0,
                    "labels": {
                      "run.googleapis.com/startupProbeType": "Default"
                    },
                    "name": "",
                    "namespace": "",
                    "resource_version": "",
                    "self_link": "",
                    "uid": ""
                  }
                ],
                "spec": [
                  {
                    "container_concurrency": 80,
                    "containers": [
                      {
                        "args": [],
                        "command": [],
                        "env": [
                          {
                            "name": "DB_URL",
                            "value": "mongodb://admin:admin@34.29.36.163:27017?tls=false",
                            "value_from": []
                          },
                          {
                            "name": "MONGO_COLLECTION",
                            "value": "voto",
                            "value_from": []
                          },
                          {
                            "name": "MONGO_DATABASE",
                            "value": "proyecto2",
                            "value_from": []
                          }
                        ],
                        "env_from": [],
                        "image": "carlosmz87/p2_backend_api:latest",
                        "liveness_probe": [],
                        "name": "",
                        "ports": [
                          {
                            "container_port": 3000,
                            "name": "http1",
                            "protocol": ""
                          }
                        ],
                        "resources": [
                          {
                            "limits": {
                              "cpu": "1000m",
                              "memory": "512Mi"
                            },
                            "requests": {}
                          }
                        ],
                        "startup_probe": [
                          {
                            "failure_threshold": 1,
                            "grpc": [],
                            "http_get": [],
                            "initial_delay_seconds": 0,
                            "period_seconds": 240,
                            "tcp_socket": [
                              {
                                "port": 3000
                              }
                            ],
                            "timeout_seconds": 240
                          }
                        ],
                        "volume_mounts": [],
                        "working_dir": ""
                      }
                    ],
                    "service_account_name": "992835121029-compute@developer.gserviceaccount.com",
                    "serving_state": "",
                    "timeout_seconds": 300,
                    "volumes": []
                  }
                ]
              }
            ],
            "timeouts": null,
            "traffic": [
              {
                "latest_revision": true,
                "percent": 100,
                "revision_name": "",
                "tag": "",
                "url": ""
              }
            ]
          },
          "sensitive_attributes": [],
          "private": "eyJlMmJmYjczMC1lY2FhLTExZTYtOGY4OC0zNDM2M2JjN2M0YzAiOnsiY3JlYXRlIjoxMjAwMDAwMDAwMDAwLCJkZWxldGUiOjEyMDAwMDAwMDAwMDAsInVwZGF0ZSI6MTIwMDAwMDAwMDAwMH0sInNjaGVtYV92ZXJzaW9uIjoiMSJ9"
        }
      ]
    },
    {
      "mode": "managed",
      "type": "google_cloud_run_service",
      "name": "frontend_service",
      "provider": "provider[\"registry.terraform.io/hashicorp/google\"]",
      "instances": [
        {
          "schema_version": 1,
          "attributes": {
            "autogenerate_revision_name": false,
            "id": "locations/us-central1/namespaces/p2-so1-201709282/services/frontend-service",
            "location": "us-central1",
            "metadata": [
              {
                "annotations": {
                  "run.googleapis.com/ingress": "all",
                  "run.googleapis.com/ingress-status": "all",
                  "run.googleapis.com/operation-id": "84ad3360-fd18-471f-8f94-6f9c67b962b4",
                  "serving.knative.dev/creator": "2730538920101@ingenieria.usac.edu.gt",
                  "serving.knative.dev/lastModifier": "2730538920101@ingenieria.usac.edu.gt"
                },
                "generation": 1,
                "labels": {
                  "cloud.googleapis.com/location": "us-central1"
                },
                "namespace": "p2-so1-201709282",
                "resource_version": "AAYW26I73Ew",
                "self_link": "/apis/serving.knative.dev/v1/namespaces/992835121029/services/frontend-service",
                "uid": "24a0c4fe-de1f-4baa-8a36-a4cf8975475f"
              }
            ],
            "name": "frontend-service",
            "project": "p2-so1-201709282",
            "status": [
              {
                "conditions": [
                  {
                    "message": "",
                    "reason": "",
                    "status": "True",
                    "type": "Ready"
                  },
                  {
                    "message": "",
                    "reason": "",
                    "status": "True",
                    "type": "ConfigurationsReady"
                  },
                  {
                    "message": "",
                    "reason": "",
                    "status": "True",
                    "type": "RoutesReady"
                  }
                ],
                "latest_created_revision_name": "frontend-service-00001-fdt",
                "latest_ready_revision_name": "frontend-service-00001-fdt",
                "observed_generation": 1,
                "url": "https://frontend-service-dz3zpydyhq-uc.a.run.app"
              }
            ],
            "template": [
              {
                "metadata": [
                  {
                    "annotations": {
                      "autoscaling.knative.dev/maxScale": "100"
                    },
                    "generation": 0,
                    "labels": {
                      "run.googleapis.com/startupProbeType": "Default"
                    },
                    "name": "",
                    "namespace": "",
                    "resource_version": "",
                    "self_link": "",
                    "uid": ""
                  }
                ],
                "spec": [
                  {
                    "container_concurrency": 80,
                    "containers": [
                      {
                        "args": null,
                        "command": null,
                        "env": [],
                        "env_from": [],
                        "image": "carlosmz87/p2_frontend_api:latest",
                        "liveness_probe": [],
                        "name": "",
                        "ports": [
                          {
                            "container_port": 80,
                            "name": "http1",
                            "protocol": ""
                          }
                        ],
                        "resources": [
                          {
                            "limits": {
                              "cpu": "1000m",
                              "memory": "512Mi"
                            },
                            "requests": {}
                          }
                        ],
                        "startup_probe": [
                          {
                            "failure_threshold": 1,
                            "grpc": [],
                            "http_get": [],
                            "initial_delay_seconds": 0,
                            "period_seconds": 240,
                            "tcp_socket": [
                              {
                                "port": 80
                              }
                            ],
                            "timeout_seconds": 240
                          }
                        ],
                        "volume_mounts": [],
                        "working_dir": ""
                      }
                    ],
                    "service_account_name": "992835121029-compute@developer.gserviceaccount.com",
                    "serving_state": "",
                    "timeout_seconds": 300,
                    "volumes": []
                  }
                ]
              }
            ],
            "timeouts": null,
            "traffic": [
              {
                "latest_revision": true,
                "percent": 100,
                "revision_name": "",
                "tag": "",
                "url": ""
              }
            ]
          },
          "sensitive_attributes": [],
          "private": "eyJlMmJmYjczMC1lY2FhLTExZTYtOGY4OC0zNDM2M2JjN2M0YzAiOnsiY3JlYXRlIjoxMjAwMDAwMDAwMDAwLCJkZWxldGUiOjEyMDAwMDAwMDAwMDAsInVwZGF0ZSI6MTIwMDAwMDAwMDAwMH0sInNjaGVtYV92ZXJzaW9uIjoiMSJ9"
        }
      ]
    },
    {
      "mode": "managed",
      "type": "google_cloud_run_service_iam_member",
      "name": "allow_public_access_backend",
      "provider": "provider[\"registry.terraform.io/hashicorp/google\"]",
      "instances": [
        {
          "schema_version": 0,
          "attributes": {
            "condition": [],
            "etag": "BwYW26IdLwQ=",
            "id": "v1/projects/p2-so1-201709282/locations/us-central1/services/backend-service/roles/run.invoker/allUsers",
            "location": "us-central1",
            "member": "allUsers",
            "project": "p2-so1-201709282",
            "role": "roles/run.invoker",
            "service": "v1/projects/p2-so1-201709282/locations/us-central1/services/backend-service"
          },
          "sensitive_attributes": [],
          "private": "bnVsbA==",
          "dependencies": [
            "google_cloud_run_service.backend_service"
          ]
        }
      ]
    },
    {
      "mode": "managed",
      "type": "google_cloud_run_service_iam_member",
      "name": "allow_public_access_frontend",
      "provider": "provider[\"registry.terraform.io/hashicorp/google\"]",
      "instances": [
        {
          "schema_version": 0,
          "attributes": {
            "condition": [],
            "etag": "BwYW26JplYQ=",
            "id": "v1/projects/p2-so1-201709282/locations/us-central1/services/frontend-service/roles/run.invoker/allUsers",
            "location": "us-central1",
            "member": "allUsers",
            "project": "p2-so1-201709282",
            "role": "roles/run.invoker",
            "service": "v1/projects/p2-so1-201709282/locations/us-central1/services/frontend-service"
          },
          "sensitive_attributes": [],
          "private": "bnVsbA==",
          "dependencies": [
            "google_cloud_run_service.frontend_service"
          ]
        }
      ]
    },
    {
      "mode": "managed",
      "type": "google_compute_firewall",
      "name": "allow-traffic",
      "provider": "provider[\"registry.terraform.io/hashicorp/google\"]",
      "instances": [
        {
          "schema_version": 1,
          "attributes": {
            "allow": [
              {
                "ports": [
                  "80",
                  "443",
                  "3000",
                  "3001"
                ],
                "protocol": "tcp"
              }
            ],
            "creation_timestamp": "2024-04-24T10:15:19.105-07:00",
            "deny": [],
            "description": "Allow HTTP, HTTPS, and custom ports for backend and frontend",
            "destination_ranges": [],
            "direction": "INGRESS",
            "disabled": false,
            "enable_logging": null,
            "id": "projects/p2-so1-201709282/global/firewalls/allow-traffic",
            "log_config": [],
            "name": "allow-traffic",
            "network": "https://www.googleapis.com/compute/v1/projects/p2-so1-201709282/global/networks/p2-so1-201709282-vpc",
            "priority": 1000,
            "project": "p2-so1-201709282",
            "self_link": "https://www.googleapis.com/compute/v1/projects/p2-so1-201709282/global/firewalls/allow-traffic",
            "source_ranges": [
              "0.0.0.0/0"
            ],
            "source_service_accounts": [],
            "source_tags": [],
            "target_service_accounts": [],
            "target_tags": [],
            "timeouts": null
          },
          "sensitive_attributes": [],
          "private": "eyJlMmJmYjczMC1lY2FhLTExZTYtOGY4OC0zNDM2M2JjN2M0YzAiOnsiY3JlYXRlIjoxMjAwMDAwMDAwMDAwLCJkZWxldGUiOjEyMDAwMDAwMDAwMDAsInVwZGF0ZSI6MTIwMDAwMDAwMDAwMH0sInNjaGVtYV92ZXJzaW9uIjoiMSJ9",
          "dependencies": [
            "google_compute_network.vpc"
          ]
        }
      ]
    },
    {
      "mode": "managed",
      "type": "google_compute_firewall",
      "name": "allow-vpc-connector-inbound",
      "provider": "provider[\"registry.terraform.io/hashicorp/google\"]",
      "instances": [
        {
          "schema_version": 1,
          "attributes": {
            "allow": [
              {
                "ports": [],
                "protocol": "all"
              }
            ],
            "creation_timestamp": "2024-04-24T10:48:03.915-07:00",
            "deny": [],
            "description": "Permitir tráfico entrante desde el VPC Connector a la VPC",
            "destination_ranges": [
              "10.10.0.0/24"
            ],
            "direction": "INGRESS",
            "disabled": false,
            "enable_logging": null,
            "id": "projects/p2-so1-201709282/global/firewalls/allow-vpc-connector-inbound",
            "log_config": [],
            "name": "allow-vpc-connector-inbound",
            "network": "https://www.googleapis.com/compute/v1/projects/p2-so1-201709282/global/networks/p2-so1-201709282-vpc",
            "priority": 1000,
            "project": "p2-so1-201709282",
            "self_link": "https://www.googleapis.com/compute/v1/projects/p2-so1-201709282/global/firewalls/allow-vpc-connector-inbound",
            "source_ranges": [
              "10.10.1.0/28"
            ],
            "source_service_accounts": [],
            "source_tags": [],
            "target_service_accounts": [],
            "target_tags": [],
            "timeouts": null
          },
          "sensitive_attributes": [],
          "private": "eyJlMmJmYjczMC1lY2FhLTExZTYtOGY4OC0zNDM2M2JjN2M0YzAiOnsiY3JlYXRlIjoxMjAwMDAwMDAwMDAwLCJkZWxldGUiOjEyMDAwMDAwMDAwMDAsInVwZGF0ZSI6MTIwMDAwMDAwMDAwMH0sInNjaGVtYV92ZXJzaW9uIjoiMSJ9",
          "dependencies": [
            "google_compute_network.vpc"
          ]
        }
      ]
    },
    {
      "mode": "managed",
      "type": "google_compute_firewall",
      "name": "allow-vpc-connector-outbound",
      "provider": "provider[\"registry.terraform.io/hashicorp/google\"]",
      "instances": [
        {
          "schema_version": 1,
          "attributes": {
            "allow": [
              {
                "ports": [],
                "protocol": "all"
              }
            ],
            "creation_timestamp": "2024-04-24T10:48:03.916-07:00",
            "deny": [],
            "description": "Permitir tráfico saliente desde la VPC hacia el VPC Connector",
            "destination_ranges": [
              "10.10.1.0/28"
            ],
            "direction": "INGRESS",
            "disabled": false,
            "enable_logging": null,
            "id": "projects/p2-so1-201709282/global/firewalls/allow-vpc-connector-outbound",
            "log_config": [],
            "name": "allow-vpc-connector-outbound",
            "network": "https://www.googleapis.com/compute/v1/projects/p2-so1-201709282/global/networks/p2-so1-201709282-vpc",
            "priority": 1000,
            "project": "p2-so1-201709282",
            "self_link": "https://www.googleapis.com/compute/v1/projects/p2-so1-201709282/global/firewalls/allow-vpc-connector-outbound",
            "source_ranges": [
              "10.10.0.0/24"
            ],
            "source_service_accounts": [],
            "source_tags": [],
            "target_service_accounts": [],
            "target_tags": [],
            "timeouts": null
          },
          "sensitive_attributes": [],
          "private": "eyJlMmJmYjczMC1lY2FhLTExZTYtOGY4OC0zNDM2M2JjN2M0YzAiOnsiY3JlYXRlIjoxMjAwMDAwMDAwMDAwLCJkZWxldGUiOjEyMDAwMDAwMDAwMDAsInVwZGF0ZSI6MTIwMDAwMDAwMDAwMH0sInNjaGVtYV92ZXJzaW9uIjoiMSJ9",
          "dependencies": [
            "google_compute_network.vpc"
          ]
        }
      ]
    },
    {
      "mode": "managed",
      "type": "google_compute_network",
      "name": "vpc",
      "provider": "provider[\"registry.terraform.io/hashicorp/google\"]",
      "instances": [
        {
          "schema_version": 0,
          "attributes": {
            "auto_create_subnetworks": false,
            "delete_default_routes_on_create": false,
            "description": "",
            "enable_ula_internal_ipv6": false,
            "gateway_ipv4": "",
            "id": "projects/p2-so1-201709282/global/networks/p2-so1-201709282-vpc",
            "internal_ipv6_range": "",
            "mtu": 0,
            "name": "p2-so1-201709282-vpc",
            "network_firewall_policy_enforcement_order": "AFTER_CLASSIC_FIREWALL",
            "project": "p2-so1-201709282",
            "routing_mode": "REGIONAL",
            "self_link": "https://www.googleapis.com/compute/v1/projects/p2-so1-201709282/global/networks/p2-so1-201709282-vpc",
            "timeouts": null
          },
          "sensitive_attributes": [],
          "private": "eyJlMmJmYjczMC1lY2FhLTExZTYtOGY4OC0zNDM2M2JjN2M0YzAiOnsiY3JlYXRlIjoxMjAwMDAwMDAwMDAwLCJkZWxldGUiOjEyMDAwMDAwMDAwMDAsInVwZGF0ZSI6MTIwMDAwMDAwMDAwMH19"
        }
      ]
    },
    {
      "mode": "managed",
      "type": "google_compute_router",
      "name": "router",
      "provider": "provider[\"registry.terraform.io/hashicorp/google\"]",
      "instances": [
        {
          "schema_version": 0,
          "attributes": {
            "bgp": [
              {
                "advertise_mode": "CUSTOM",
                "advertised_groups": [],
                "advertised_ip_ranges": [],
                "asn": 64514,
                "keepalive_interval": 20
              }
            ],
            "creation_timestamp": "2024-04-20T08:18:31.125-07:00",
            "description": "",
            "encrypted_interconnect_router": false,
            "id": "projects/p2-so1-201709282/regions/us-central1/routers/router",
            "name": "router",
            "network": "https://www.googleapis.com/compute/v1/projects/p2-so1-201709282/global/networks/p2-so1-201709282-vpc",
            "project": "p2-so1-201709282",
            "region": "us-central1",
            "self_link": "https://www.googleapis.com/compute/v1/projects/p2-so1-201709282/regions/us-central1/routers/router",
            "timeouts": null
          },
          "sensitive_attributes": [],
          "private": "eyJlMmJmYjczMC1lY2FhLTExZTYtOGY4OC0zNDM2M2JjN2M0YzAiOnsiY3JlYXRlIjoxMjAwMDAwMDAwMDAwLCJkZWxldGUiOjEyMDAwMDAwMDAwMDAsInVwZGF0ZSI6MTIwMDAwMDAwMDAwMH19",
          "dependencies": [
            "google_compute_network.vpc"
          ]
        }
      ]
    },
    {
      "mode": "managed",
      "type": "google_compute_router_nat",
      "name": "router_nat",
      "provider": "provider[\"registry.terraform.io/hashicorp/google\"]",
      "instances": [
        {
          "schema_version": 0,
          "attributes": {
            "drain_nat_ips": [],
            "enable_dynamic_port_allocation": false,
            "enable_endpoint_independent_mapping": true,
            "icmp_idle_timeout_sec": 30,
            "id": "p2-so1-201709282/us-central1/router/router-nat",
            "log_config": [],
            "max_ports_per_vm": 0,
            "min_ports_per_vm": 0,
            "name": "router-nat",
            "nat_ip_allocate_option": "AUTO_ONLY",
            "nat_ips": [],
            "project": "p2-so1-201709282",
            "region": null,
            "router": "router",
            "rules": [],
            "source_subnetwork_ip_ranges_to_nat": "ALL_SUBNETWORKS_ALL_IP_RANGES",
            "subnetwork": [],
            "tcp_established_idle_timeout_sec": 1200,
            "tcp_time_wait_timeout_sec": 120,
            "tcp_transitory_idle_timeout_sec": 30,
            "timeouts": null,
            "udp_idle_timeout_sec": 30
          },
          "sensitive_attributes": [],
          "private": "eyJlMmJmYjczMC1lY2FhLTExZTYtOGY4OC0zNDM2M2JjN2M0YzAiOnsiY3JlYXRlIjoxMjAwMDAwMDAwMDAwLCJkZWxldGUiOjEyMDAwMDAwMDAwMDAsInVwZGF0ZSI6MTIwMDAwMDAwMDAwMH19",
          "dependencies": [
            "google_compute_network.vpc",
            "google_compute_router.router"
          ]
        }
      ]
    },
    {
      "mode": "managed",
      "type": "google_compute_subnetwork",
      "name": "subnet",
      "provider": "provider[\"registry.terraform.io/hashicorp/google\"]",
      "instances": [
        {
          "schema_version": 0,
          "attributes": {
            "creation_timestamp": "2024-04-20T08:18:31.206-07:00",
            "description": "",
            "external_ipv6_prefix": "",
            "fingerprint": null,
            "gateway_address": "10.10.0.1",
            "id": "projects/p2-so1-201709282/regions/us-central1/subnetworks/p2-so1-201709282-subnet",
            "ip_cidr_range": "10.10.0.0/24",
            "ipv6_access_type": "",
            "ipv6_cidr_range": "",
            "log_config": [],
            "name": "p2-so1-201709282-subnet",
            "network": "https://www.googleapis.com/compute/v1/projects/p2-so1-201709282/global/networks/p2-so1-201709282-vpc",
            "private_ip_google_access": true,
            "private_ipv6_google_access": "DISABLE_GOOGLE_ACCESS",
            "project": "p2-so1-201709282",
            "purpose": "PRIVATE",
            "region": "us-central1",
            "role": "",
            "secondary_ip_range": [],
            "self_link": "https://www.googleapis.com/compute/v1/projects/p2-so1-201709282/regions/us-central1/subnetworks/p2-so1-201709282-subnet",
            "stack_type": "IPV4_ONLY",
            "timeouts": null
          },
          "sensitive_attributes": [],
          "private": "eyJlMmJmYjczMC1lY2FhLTExZTYtOGY4OC0zNDM2M2JjN2M0YzAiOnsiY3JlYXRlIjoxMjAwMDAwMDAwMDAwLCJkZWxldGUiOjEyMDAwMDAwMDAwMDAsInVwZGF0ZSI6MTIwMDAwMDAwMDAwMH19",
          "dependencies": [
            "google_compute_network.vpc"
          ]
        }
      ]
    },
    {
      "mode": "managed",
      "type": "google_container_cluster",
      "name": "primary",
      "provider": "provider[\"registry.terraform.io/hashicorp/google\"]",
      "instances": [
        {
          "schema_version": 1,
          "attributes": {
            "addons_config": [
              {
                "cloudrun_config": [],
                "config_connector_config": [],
                "dns_cache_config": [],
                "gce_persistent_disk_csi_driver_config": [
                  {
                    "enabled": true
                  }
                ],
                "gcp_filestore_csi_driver_config": [],
                "gke_backup_agent_config": [],
                "horizontal_pod_autoscaling": [],
                "http_load_balancing": [],
                "network_policy_config": [
                  {
                    "disabled": true
                  }
                ]
              }
            ],
            "authenticator_groups_config": [],
            "binary_authorization": [
              {
                "enabled": false,
                "evaluation_mode": ""
              }
            ],
            "cluster_autoscaling": [
              {
                "auto_provisioning_defaults": [],
                "enabled": false,
                "resource_limits": []
              }
            ],
            "cluster_ipv4_cidr": "10.52.0.0/14",
            "confidential_nodes": [],
            "cost_management_config": [],
            "database_encryption": [
              {
                "key_name": "",
                "state": "DECRYPTED"
              }
            ],
            "datapath_provider": "",
            "default_max_pods_per_node": null,
            "default_snat_status": [
              {
                "disabled": false
              }
            ],
            "description": "",
            "dns_config": [],
            "enable_autopilot": false,
            "enable_binary_authorization": false,
            "enable_intranode_visibility": false,
            "enable_kubernetes_alpha": false,
            "enable_l4_ilb_subsetting": false,
            "enable_legacy_abac": false,
            "enable_shielded_nodes": true,
            "enable_tpu": false,
            "endpoint": "104.197.209.110",
            "gateway_api_config": [],
            "id": "projects/p2-so1-201709282/locations/us-central1/clusters/p2-so1-201709282-gke",
            "initial_node_count": 1,
            "ip_allocation_policy": [],
            "label_fingerprint": "a9dc16a7",
            "location": "us-central1",
            "logging_config": [
              {
                "enable_components": [
                  "SYSTEM_COMPONENTS",
                  "WORKLOADS"
                ]
              }
            ],
            "logging_service": "logging.googleapis.com/kubernetes",
            "maintenance_policy": [],
            "master_auth": [
              {
                "client_certificate": "",
                "client_certificate_config": [
                  {
                    "issue_client_certificate": false
                  }
                ],
                "client_key": "",
                "cluster_ca_certificate": "LS0tLS1CRUdJTiBDRVJUSUZJQ0FURS0tLS0tCk1JSUVMRENDQXBTZ0F3SUJBZ0lRVlZ2MkpXQmN4MUVrNFZvT3RiNTZLakFOQmdrcWhraUc5dzBCQVFzRkFEQXYKTVMwd0t3WURWUVFERXlSall6WTROelJoTWkwNFl6a3dMVFEwTmpJdE9UQmxZUzB5Tm1JeVkyUXdNVGRtT0dVdwpJQmNOTWpRd05ESXdNVFF4T0RReldoZ1BNakExTkRBME1UTXhOVEU0TkROYU1DOHhMVEFyQmdOVkJBTVRKR05qCk5qZzNOR0V5TFRoak9UQXRORFEyTWkwNU1HVmhMVEkyWWpKalpEQXhOMlk0WlRDQ0FhSXdEUVlKS29aSWh2Y04KQVFFQkJRQURnZ0dQQURDQ0FZb0NnZ0dCQUxoRzAxejQyYWFCUWVGV2VaR29NN2prRmZzUExweW4za01USlRmdwpESVNlUWJESWQ5WWdtRVF1NnBFN25lN00rQmJnUU8yUFVnSjg3L2xVUXdaUnZrbnI0N2RMVnYwYjBsUjNYKzl4Cm8rM0s4Y1FzQm81eWk5NndhOXVPTGNqK2VVUFFyWEdteFNDcHFIT3pFbXhEMVdiRTg5b2Y5aDBKbGxTY2phYW8KbXg5ZnU3dVFua1ZuajhaMDV6OE5MdkFsYlY5ZjBEbFlYNlNpQ1AwWEFocm8wTUdDRmxlWTYvcXRWa1NHOCtLSwo5ei9Kc3NmTmUxVExrWjhWeGQ3TlpSYzZPNUwzdFJyRWRBSHYzTFMyOFozYnV1UkVmNUFtOTMrRisxVmFtSDJUCnNhV2JaeWJEL3hqYWJUblI2SkdsSkJZOWprYUZ5amZISWI5emxidE1pOHZvbEZ2YTA3Y2t5elpRMVNZSVdGc0wKY0xvM3NwMDF5OWxhZUp2YWlGZzV2elp2dGc5aHpCdDBxM3NBamZjU0hqU0hzVmNIdW5qY2hYazZkL0ZJU0pnSQo5MmFtQlJKRFk3aG16M1pXRjNsQVVTRmJZY3hNRWFhV3pHK3JoemlNSEFKNjBEL1F2MThyYzBZN0RTSmZQWW1jCkh1UVNzSDJReGZWM1ZacFdUVjg1Q3h5azJ3SURBUUFCbzBJd1FEQU9CZ05WSFE4QkFmOEVCQU1DQWdRd0R3WUQKVlIwVEFRSC9CQVV3QXdFQi96QWRCZ05WSFE0RUZnUVVZblFzWCtHckZpV3NRRndQekRwbXlnV3Z5YUV3RFFZSgpLb1pJaHZjTkFRRUxCUUFEZ2dHQkFMZ3h5YVdCU1JmRGxlbVRXNkJJR1RaWC8rMi9nK0JYMFlHMVZ0a0dHVTFLClNyeUFGTTYrWXNFVWJZRlRTK2lvLzFuQ1NSbU04QW9tMU1HZFJUYThhZ3FXdy8xVTNsZFFOeWFWd3RKVWlKUncKZzAyc09teWlDWUNLTnBscWFpV0hwYTY2WG5kWVFiSU9ZYWVjTmJod1lZUHd3TWZVNEZoTWpRU3hUeGpLVHBPbwowT00xdFljVEZhSkVPNFM5N2xOTTVhZndtelNkWlpaQUxCK0pWNFBVaC90cjRJd2lWQlVmU01UTStja1FpbTVvCnphZXZFbFAxV2RWNmdwem1LU3FFMFZSMWpkK05mVHpPYkpOTTRIYnpLMHUxeW9ZcTJ5ekI3V2pKVTFTNmZKb0UKNVE3SFZvRGRwRHRKYmFLMFpvOUEwbnJZTlJNWStoT2xoUkhrNDFyMWpJZ0h4RjhpRHowcWwvM2d6amNrU2xCQQoxUHdQWkJOVWhoRVpLQWJGWEpEZTlacndkWHRxN3kvZFdvbVBLMHI3ck9zNTJlR202b2dXdnNtdFlnblUzekdjCk9aeTVZa1dhWmE0YkJKMnZWeTlDOWFpenJ3SlRxT1BsaENMRVEzVmZPeFZqc05DbmNJbklza042RGdJVmtzWVYKZEg2UFBLNHI3U2JHS253ZFBmdExnQT09Ci0tLS0tRU5EIENFUlRJRklDQVRFLS0tLS0K"
              }
            ],
            "master_authorized_networks_config": [],
            "master_version": "1.28.7-gke.1026000",
            "mesh_certificates": [],
            "min_master_version": null,
            "monitoring_config": [
              {
                "enable_components": [
                  "SYSTEM_COMPONENTS"
                ],
                "managed_prometheus": [
                  {
                    "enabled": true
                  }
                ]
              }
            ],
            "monitoring_service": "monitoring.googleapis.com/kubernetes",
            "name": "p2-so1-201709282-gke",
            "network": "projects/p2-so1-201709282/global/networks/p2-so1-201709282-vpc",
            "network_policy": [
              {
                "enabled": false,
                "provider": "PROVIDER_UNSPECIFIED"
              }
            ],
            "networking_mode": "ROUTES",
            "node_config": [
              {
                "advanced_machine_features": [],
                "boot_disk_kms_key": "",
                "disk_size_gb": 10,
                "disk_type": "pd-balanced",
                "ephemeral_storage_local_ssd_config": [],
                "gcfs_config": [],
                "guest_accelerator": [],
                "gvnic": [],
                "image_type": "COS_CONTAINERD",
                "kubelet_config": [],
                "labels": {
                  "env": "p2-so1-201709282"
                },
                "linux_node_config": [],
                "local_nvme_ssd_block_config": [],
                "local_ssd_count": 0,
                "logging_variant": "DEFAULT",
                "machine_type": "n1-standard-1",
                "metadata": {
                  "disable-legacy-endpoints": "true"
                },
                "min_cpu_platform": "",
                "node_group": "",
                "oauth_scopes": [
                  "https://www.googleapis.com/auth/logging.write",
                  "https://www.googleapis.com/auth/monitoring"
                ],
                "preemptible": true,
                "reservation_affinity": [],
                "resource_labels": {},
                "service_account": "default",
                "shielded_instance_config": [
                  {
                    "enable_integrity_monitoring": true,
                    "enable_secure_boot": false
                  }
                ],
                "sole_tenant_config": [],
                "spot": false,
                "tags": [
                  "gke-node",
                  "p2-so1-201709282-gke"
                ],
                "taint": [],
                "workload_metadata_config": []
              }
            ],
            "node_locations": [
              "us-central1-a",
              "us-central1-b",
              "us-central1-c"
            ],
            "node_pool": [
              {
                "autoscaling": [],
                "initial_node_count": 1,
                "instance_group_urls": [
                  "https://www.googleapis.com/compute/v1/projects/p2-so1-201709282/zones/us-central1-b/instanceGroupManagers/gke-p2-so1-201709282-p2-so1-201709282-bf604a57-grp",
                  "https://www.googleapis.com/compute/v1/projects/p2-so1-201709282/zones/us-central1-a/instanceGroupManagers/gke-p2-so1-201709282-p2-so1-201709282-043cde92-grp",
                  "https://www.googleapis.com/compute/v1/projects/p2-so1-201709282/zones/us-central1-c/instanceGroupManagers/gke-p2-so1-201709282-p2-so1-201709282-93be7d75-grp"
                ],
                "managed_instance_group_urls": [
                  "https://www.googleapis.com/compute/v1/projects/p2-so1-201709282/zones/us-central1-b/instanceGroups/gke-p2-so1-201709282-p2-so1-201709282-bf604a57-grp",
                  "https://www.googleapis.com/compute/v1/projects/p2-so1-201709282/zones/us-central1-a/instanceGroups/gke-p2-so1-201709282-p2-so1-201709282-043cde92-grp",
                  "https://www.googleapis.com/compute/v1/projects/p2-so1-201709282/zones/us-central1-c/instanceGroups/gke-p2-so1-201709282-p2-so1-201709282-93be7d75-grp"
                ],
                "management": [
                  {
                    "auto_repair": true,
                    "auto_upgrade": true
                  }
                ],
                "max_pods_per_node": 0,
                "name": "p2-so1-201709282-gke",
                "name_prefix": "",
                "network_config": [
                  {
                    "create_pod_range": false,
                    "enable_private_nodes": false,
                    "pod_cidr_overprovision_config": [],
                    "pod_ipv4_cidr_block": "",
                    "pod_range": ""
                  }
                ],
                "node_config": [
                  {
                    "advanced_machine_features": [],
                    "boot_disk_kms_key": "",
                    "disk_size_gb": 10,
                    "disk_type": "pd-balanced",
                    "ephemeral_storage_local_ssd_config": [],
                    "gcfs_config": [],
                    "guest_accelerator": [],
                    "gvnic": [],
                    "image_type": "COS_CONTAINERD",
                    "kubelet_config": [],
                    "labels": {
                      "env": "p2-so1-201709282"
                    },
                    "linux_node_config": [],
                    "local_nvme_ssd_block_config": [],
                    "local_ssd_count": 0,
                    "logging_variant": "DEFAULT",
                    "machine_type": "n1-standard-1",
                    "metadata": {
                      "disable-legacy-endpoints": "true"
                    },
                    "min_cpu_platform": "",
                    "node_group": "",
                    "oauth_scopes": [
                      "https://www.googleapis.com/auth/logging.write",
                      "https://www.googleapis.com/auth/monitoring"
                    ],
                    "preemptible": true,
                    "reservation_affinity": [],
                    "resource_labels": {},
                    "service_account": "default",
                    "shielded_instance_config": [
                      {
                        "enable_integrity_monitoring": true,
                        "enable_secure_boot": false
                      }
                    ],
                    "sole_tenant_config": [],
                    "spot": false,
                    "tags": [
                      "gke-node",
                      "p2-so1-201709282-gke"
                    ],
                    "taint": [],
                    "workload_metadata_config": []
                  }
                ],
                "node_count": 1,
                "node_locations": [
                  "us-central1-a",
                  "us-central1-b",
                  "us-central1-c"
                ],
                "placement_policy": [],
                "upgrade_settings": [
                  {
                    "blue_green_settings": [],
                    "max_surge": 1,
                    "max_unavailable": 0,
                    "strategy": "SURGE"
                  }
                ],
                "version": "1.27.11-gke.1062000"
              }
            ],
            "node_pool_defaults": [
              {
                "node_config_defaults": [
                  {
                    "logging_variant": "DEFAULT"
                  }
                ]
              }
            ],
            "node_version": "1.27.11-gke.1062000",
            "notification_config": [
              {
                "pubsub": [
                  {
                    "enabled": false,
                    "filter": [],
                    "topic": ""
                  }
                ]
              }
            ],
            "operation": null,
            "private_cluster_config": [
              {
                "enable_private_endpoint": false,
                "enable_private_nodes": false,
                "master_global_access_config": [
                  {
                    "enabled": false
                  }
                ],
                "master_ipv4_cidr_block": "",
                "peering_name": "",
                "private_endpoint": "10.10.0.2",
                "private_endpoint_subnetwork": "",
                "public_endpoint": "104.197.209.110"
              }
            ],
            "private_ipv6_google_access": "",
            "project": "p2-so1-201709282",
            "release_channel": [
              {
                "channel": "REGULAR"
              }
            ],
            "remove_default_node_pool": true,
            "resource_labels": {},
            "resource_usage_export_config": [],
            "security_posture_config": [
              {
                "mode": "BASIC",
                "vulnerability_mode": "VULNERABILITY_MODE_UNSPECIFIED"
              }
            ],
            "self_link": "https://container.googleapis.com/v1/projects/p2-so1-201709282/locations/us-central1/clusters/p2-so1-201709282-gke",
            "service_external_ips_config": [
              {
                "enabled": false
              }
            ],
            "services_ipv4_cidr": "10.55.240.0/20",
            "subnetwork": "projects/p2-so1-201709282/regions/us-central1/subnetworks/p2-so1-201709282-subnet",
            "timeouts": null,
            "tpu_ipv4_cidr_block": "",
            "vertical_pod_autoscaling": [],
            "workload_identity_config": []
          },
          "sensitive_attributes": [
            [
              {
                "type": "get_attr",
                "value": "master_auth"
              },
              {
                "type": "index",
                "value": {
                  "value": 0,
                  "type": "number"
                }
              },
              {
                "type": "get_attr",
                "value": "client_key"
              }
            ]
          ],
          "private": "eyJlMmJmYjczMC1lY2FhLTExZTYtOGY4OC0zNDM2M2JjN2M0YzAiOnsiY3JlYXRlIjoyNDAwMDAwMDAwMDAwLCJkZWxldGUiOjI0MDAwMDAwMDAwMDAsInJlYWQiOjI0MDAwMDAwMDAwMDAsInVwZGF0ZSI6MzYwMDAwMDAwMDAwMH0sInNjaGVtYV92ZXJzaW9uIjoiMSJ9",
          "dependencies": [
            "google_compute_network.vpc",
            "google_compute_subnetwork.subnet"
          ]
        }
      ]
    },
    {
      "mode": "managed",
      "type": "google_container_node_pool",
      "name": "primary_nodes",
      "provider": "provider[\"registry.terraform.io/hashicorp/google\"]",
      "instances": [
        {
          "schema_version": 1,
          "attributes": {
            "autoscaling": [],
            "cluster": "p2-so1-201709282-gke",
            "id": "projects/p2-so1-201709282/locations/us-central1/clusters/p2-so1-201709282-gke/nodePools/p2-so1-201709282-gke",
            "initial_node_count": 1,
            "instance_group_urls": [
              "https://www.googleapis.com/compute/v1/projects/p2-so1-201709282/zones/us-central1-b/instanceGroupManagers/gke-p2-so1-201709282-p2-so1-201709282-bf604a57-grp",
              "https://www.googleapis.com/compute/v1/projects/p2-so1-201709282/zones/us-central1-a/instanceGroupManagers/gke-p2-so1-201709282-p2-so1-201709282-043cde92-grp",
              "https://www.googleapis.com/compute/v1/projects/p2-so1-201709282/zones/us-central1-c/instanceGroupManagers/gke-p2-so1-201709282-p2-so1-201709282-93be7d75-grp"
            ],
            "location": "us-central1",
            "managed_instance_group_urls": [
              "https://www.googleapis.com/compute/v1/projects/p2-so1-201709282/zones/us-central1-b/instanceGroups/gke-p2-so1-201709282-p2-so1-201709282-bf604a57-grp",
              "https://www.googleapis.com/compute/v1/projects/p2-so1-201709282/zones/us-central1-a/instanceGroups/gke-p2-so1-201709282-p2-so1-201709282-043cde92-grp",
              "https://www.googleapis.com/compute/v1/projects/p2-so1-201709282/zones/us-central1-c/instanceGroups/gke-p2-so1-201709282-p2-so1-201709282-93be7d75-grp"
            ],
            "management": [
              {
                "auto_repair": true,
                "auto_upgrade": true
              }
            ],
            "max_pods_per_node": null,
            "name": "p2-so1-201709282-gke",
            "name_prefix": "",
            "network_config": [
              {
                "create_pod_range": false,
                "enable_private_nodes": false,
                "pod_cidr_overprovision_config": [],
                "pod_ipv4_cidr_block": "",
                "pod_range": ""
              }
            ],
            "node_config": [
              {
                "advanced_machine_features": [],
                "boot_disk_kms_key": "",
                "disk_size_gb": 10,
                "disk_type": "pd-balanced",
                "ephemeral_storage_local_ssd_config": [],
                "gcfs_config": [],
                "guest_accelerator": [],
                "gvnic": [],
                "image_type": "COS_CONTAINERD",
                "kubelet_config": [],
                "labels": {
                  "env": "p2-so1-201709282"
                },
                "linux_node_config": [],
                "local_nvme_ssd_block_config": [],
                "local_ssd_count": 0,
                "logging_variant": "DEFAULT",
                "machine_type": "n1-standard-1",
                "metadata": {
                  "disable-legacy-endpoints": "true"
                },
                "min_cpu_platform": "",
                "node_group": "",
                "oauth_scopes": [
                  "https://www.googleapis.com/auth/logging.write",
                  "https://www.googleapis.com/auth/monitoring"
                ],
                "preemptible": true,
                "reservation_affinity": [],
                "resource_labels": {},
                "service_account": "default",
                "shielded_instance_config": [
                  {
                    "enable_integrity_monitoring": true,
                    "enable_secure_boot": false
                  }
                ],
                "sole_tenant_config": [],
                "spot": false,
                "tags": [
                  "gke-node",
                  "p2-so1-201709282-gke"
                ],
                "taint": [],
                "workload_metadata_config": []
              }
            ],
            "node_count": 1,
            "node_locations": [
              "us-central1-a",
              "us-central1-b",
              "us-central1-c"
            ],
            "operation": null,
            "placement_policy": [],
            "project": "p2-so1-201709282",
            "timeouts": null,
            "upgrade_settings": [
              {
                "blue_green_settings": [],
                "max_surge": 1,
                "max_unavailable": 0,
                "strategy": "SURGE"
              }
            ],
            "version": "1.27.11-gke.1062000"
          },
          "sensitive_attributes": [],
          "private": "eyJlMmJmYjczMC1lY2FhLTExZTYtOGY4OC0zNDM2M2JjN2M0YzAiOnsiY3JlYXRlIjoxODAwMDAwMDAwMDAwLCJkZWxldGUiOjE4MDAwMDAwMDAwMDAsInVwZGF0ZSI6MTgwMDAwMDAwMDAwMH0sInNjaGVtYV92ZXJzaW9uIjoiMSJ9",
          "dependencies": [
            "data.google_container_engine_versions.gke_version",
            "google_compute_network.vpc",
            "google_compute_subnetwork.subnet",
            "google_container_cluster.primary"
          ]
        }
      ]
    }
  ],
  "check_results": null
}
